// !$*UTF8*$!
{
	archiveVersion = 1;
	classes = {
	};
	objectVersion = 46;
	objects = {

/* Begin PBXBuildFile section */
		923C1F131DBB708D005935B5 /* userdata.xcdatamodeld in Sources */ = {isa = PBXBuildFile; fileRef = 923C1F111DBB708D005935B5 /* userdata.xcdatamodeld */; };
		926874131DBC202D0070C4F5 /* Location76x76.png in Resources */ = {isa = PBXBuildFile; fileRef = 926874121DBC202D0070C4F5 /* Location76x76.png */; };
		926874171DBC52C80070C4F5 /* csv.swift in Sources */ = {isa = PBXBuildFile; fileRef = 926874161DBC52C80070C4F5 /* csv.swift */; };
		9268741F1DBC588E0070C4F5 /* Client.swift in Sources */ = {isa = PBXBuildFile; fileRef = 9268741E1DBC588E0070C4F5 /* Client.swift */; };
		926874211DBC5CA10070C4F5 /* Client.csv in Resources */ = {isa = PBXBuildFile; fileRef = 926874201DBC5CA10070C4F5 /* Client.csv */; };
		926874231DBC6FD50070C4F5 /* SearchViewController.swift in Sources */ = {isa = PBXBuildFile; fileRef = 926874221DBC6FD50070C4F5 /* SearchViewController.swift */; };
		926874251DBC74BE0070C4F5 /* folder76x76.png in Resources */ = {isa = PBXBuildFile; fileRef = 926874241DBC74BE0070C4F5 /* folder76x76.png */; };
		926874271DBC861F0070C4F5 /* ClientCell.swift in Sources */ = {isa = PBXBuildFile; fileRef = 926874261DBC861F0070C4F5 /* ClientCell.swift */; };
		92B153911DBB04C100EF3F38 /* AppDelegate.swift in Sources */ = {isa = PBXBuildFile; fileRef = 92B153901DBB04C100EF3F38 /* AppDelegate.swift */; };
		92B153931DBB04C100EF3F38 /* ViewController.swift in Sources */ = {isa = PBXBuildFile; fileRef = 92B153921DBB04C100EF3F38 /* ViewController.swift */; };
		92B153981DBB04C100EF3F38 /* Assets.xcassets in Resources */ = {isa = PBXBuildFile; fileRef = 92B153971DBB04C100EF3F38 /* Assets.xcassets */; };
		92B1539B1DBB04C100EF3F38 /* LaunchScreen.storyboard in Resources */ = {isa = PBXBuildFile; fileRef = 92B153991DBB04C100EF3F38 /* LaunchScreen.storyboard */; };
		92B8C25E1DBCA386007108A6 /* ClientDetailVC.swift in Sources */ = {isa = PBXBuildFile; fileRef = 92B8C25D1DBCA386007108A6 /* ClientDetailVC.swift */; };
		92B8C2601DBCAD05007108A6 /* Main.storyboard in Resources */ = {isa = PBXBuildFile; fileRef = 92B8C25F1DBCAD05007108A6 /* Main.storyboard */; };
		92CC48E71DBBD2BA00CF6839 /* User76x76.png in Resources */ = {isa = PBXBuildFile; fileRef = 92CC48E61DBBD2BA00CF6839 /* User76x76.png */; };
		92CC48E91DBBD38700CF6839 /* Calendar.png in Resources */ = {isa = PBXBuildFile; fileRef = 92CC48E81DBBD38700CF6839 /* Calendar.png */; };
		92CC48EB1DBBD40900CF6839 /* MapViewController.swift in Sources */ = {isa = PBXBuildFile; fileRef = 92CC48EA1DBBD40900CF6839 /* MapViewController.swift */; };
		92CC48EE1DBBEFCC00CF6839 /* CoreLocation.framework in Frameworks */ = {isa = PBXBuildFile; fileRef = 92CC48ED1DBBEFCC00CF6839 /* CoreLocation.framework */; };
		92CC48F21DBBFBE800CF6839 /* UserMapViewController.swift in Sources */ = {isa = PBXBuildFile; fileRef = 92CC48F11DBBFBE800CF6839 /* UserMapViewController.swift */; };
		92CE0ED01DBB464E00F025CC /* background_1.jpg in Resources */ = {isa = PBXBuildFile; fileRef = 92CE0ECF1DBB464E00F025CC /* background_1.jpg */; };
		92CE0ED21DBB484600F025CC /* Tabs 12.png in Resources */ = {isa = PBXBuildFile; fileRef = 92CE0ED11DBB484600F025CC /* Tabs 12.png */; };
		92FB7AC61DBBD02800671ADA /* Search76x76.png in Resources */ = {isa = PBXBuildFile; fileRef = 92FB7AC51DBBD02800671ADA /* Search76x76.png */; };
		92FB7ACA1DBBD08B00671ADA /* Maps76x76.png in Resources */ = {isa = PBXBuildFile; fileRef = 92FB7AC91DBBD08B00671ADA /* Maps76x76.png */; };
		92FB7ACC1DBBD0D100671ADA /* Call76x76.png in Resources */ = {isa = PBXBuildFile; fileRef = 92FB7ACB1DBBD0D100671ADA /* Call76x76.png */; };
/* End PBXBuildFile section */

/* Begin PBXFileReference section */
		923C1F121DBB708D005935B5 /* userdata.xcdatamodel */ = {isa = PBXFileReference; lastKnownFileType = wrapper.xcdatamodel; path = userdata.xcdatamodel; sourceTree = "<group>"; };
		926874121DBC202D0070C4F5 /* Location76x76.png */ = {isa = PBXFileReference; lastKnownFileType = image.png; name = Location76x76.png; path = "../../assets1/Custom Design 1/icons/location/Location76x76.png"; sourceTree = "<group>"; };
		926874161DBC52C80070C4F5 /* csv.swift */ = {isa = PBXFileReference; fileEncoding = 4; lastKnownFileType = sourcecode.swift; path = csv.swift; sourceTree = "<group>"; };
		9268741E1DBC588E0070C4F5 /* Client.swift */ = {isa = PBXFileReference; fileEncoding = 4; lastKnownFileType = sourcecode.swift; path = Client.swift; sourceTree = "<group>"; };
		926874201DBC5CA10070C4F5 /* Client.csv */ = {isa = PBXFileReference; fileEncoding = 4; lastKnownFileType = text; path = Client.csv; sourceTree = "<group>"; };
		926874221DBC6FD50070C4F5 /* SearchViewController.swift */ = {isa = PBXFileReference; fileEncoding = 4; lastKnownFileType = sourcecode.swift; path = SearchViewController.swift; sourceTree = "<group>"; };
		926874241DBC74BE0070C4F5 /* folder76x76.png */ = {isa = PBXFileReference; lastKnownFileType = image.png; name = folder76x76.png; path = "../../assets1/Custom Design 1/icons/folder/folder76x76.png"; sourceTree = "<group>"; };
		926874261DBC861F0070C4F5 /* ClientCell.swift */ = {isa = PBXFileReference; fileEncoding = 4; lastKnownFileType = sourcecode.swift; path = ClientCell.swift; sourceTree = "<group>"; };
		92B1538D1DBB04C100EF3F38 /* iHomelessSolution.app */ = {isa = PBXFileReference; explicitFileType = wrapper.application; includeInIndex = 0; path = iHomelessSolution.app; sourceTree = BUILT_PRODUCTS_DIR; };
		92B153901DBB04C100EF3F38 /* AppDelegate.swift */ = {isa = PBXFileReference; lastKnownFileType = sourcecode.swift; path = AppDelegate.swift; sourceTree = "<group>"; };
		92B153921DBB04C100EF3F38 /* ViewController.swift */ = {isa = PBXFileReference; lastKnownFileType = sourcecode.swift; path = ViewController.swift; sourceTree = "<group>"; };
		92B153971DBB04C100EF3F38 /* Assets.xcassets */ = {isa = PBXFileReference; lastKnownFileType = folder.assetcatalog; path = Assets.xcassets; sourceTree = "<group>"; };
		92B1539A1DBB04C100EF3F38 /* Base */ = {isa = PBXFileReference; lastKnownFileType = file.storyboard; name = Base; path = Base.lproj/LaunchScreen.storyboard; sourceTree = "<group>"; };
		92B1539C1DBB04C100EF3F38 /* Info.plist */ = {isa = PBXFileReference; lastKnownFileType = text.plist.xml; path = Info.plist; sourceTree = "<group>"; };
		92B8C25D1DBCA386007108A6 /* ClientDetailVC.swift */ = {isa = PBXFileReference; fileEncoding = 4; lastKnownFileType = sourcecode.swift; path = ClientDetailVC.swift; sourceTree = "<group>"; };
		92B8C25F1DBCAD05007108A6 /* Main.storyboard */ = {isa = PBXFileReference; fileEncoding = 4; lastKnownFileType = file.storyboard; name = Main.storyboard; path = ../../../.Trash/Main.storyboard; sourceTree = "<group>"; };
		92CC48E61DBBD2BA00CF6839 /* User76x76.png */ = {isa = PBXFileReference; lastKnownFileType = image.png; path = User76x76.png; sourceTree = "<group>"; };
		92CC48E81DBBD38700CF6839 /* Calendar.png */ = {isa = PBXFileReference; lastKnownFileType = image.png; path = Calendar.png; sourceTree = "<group>"; };
		92CC48EA1DBBD40900CF6839 /* MapViewController.swift */ = {isa = PBXFileReference; fileEncoding = 4; lastKnownFileType = sourcecode.swift; path = MapViewController.swift; sourceTree = "<group>"; };
		92CC48ED1DBBEFCC00CF6839 /* CoreLocation.framework */ = {isa = PBXFileReference; lastKnownFileType = wrapper.framework; name = CoreLocation.framework; path = System/Library/Frameworks/CoreLocation.framework; sourceTree = SDKROOT; };
		92CC48F11DBBFBE800CF6839 /* UserMapViewController.swift */ = {isa = PBXFileReference; fileEncoding = 4; lastKnownFileType = sourcecode.swift; path = UserMapViewController.swift; sourceTree = "<group>"; };
		92CE0ECF1DBB464E00F025CC /* background_1.jpg */ = {isa = PBXFileReference; lastKnownFileType = image.jpeg; path = background_1.jpg; sourceTree = "<group>"; };
		92CE0ED11DBB484600F025CC /* Tabs 12.png */ = {isa = PBXFileReference; lastKnownFileType = image.png; path = "Tabs 12.png"; sourceTree = "<group>"; };
		92FB7AC51DBBD02800671ADA /* Search76x76.png */ = {isa = PBXFileReference; lastKnownFileType = image.png; path = Search76x76.png; sourceTree = "<group>"; };
		92FB7AC91DBBD08B00671ADA /* Maps76x76.png */ = {isa = PBXFileReference; lastKnownFileType = image.png; path = Maps76x76.png; sourceTree = "<group>"; };
		92FB7ACB1DBBD0D100671ADA /* Call76x76.png */ = {isa = PBXFileReference; lastKnownFileType = image.png; path = Call76x76.png; sourceTree = "<group>"; };
/* End PBXFileReference section */

/* Begin PBXFrameworksBuildPhase section */
		92B1538A1DBB04C000EF3F38 /* Frameworks */ = {
			isa = PBXFrameworksBuildPhase;
			buildActionMask = 2147483647;
			files = (
				92CC48EE1DBBEFCC00CF6839 /* CoreLocation.framework in Frameworks */,
			);
			runOnlyForDeploymentPostprocessing = 0;
		};
/* End PBXFrameworksBuildPhase section */

/* Begin PBXGroup section */
		923F21921DBCF7C50012C10A /* Model */ = {
			isa = PBXGroup;
			children = (
				9268741E1DBC588E0070C4F5 /* Client.swift */,
			);
			name = Model;
			sourceTree = "<group>";
		};
		926874181DBC55630070C4F5 /* Util */ = {
			isa = PBXGroup;
			children = (
				926874161DBC52C80070C4F5 /* csv.swift */,
				92B153901DBB04C100EF3F38 /* AppDelegate.swift */,
				92B1539C1DBB04C100EF3F38 /* Info.plist */,
				923C1F111DBB708D005935B5 /* userdata.xcdatamodeld */,
			);
			name = Util;
			sourceTree = "<group>";
		};
		9268741A1DBC55BA0070C4F5 /* View */ = {
			isa = PBXGroup;
			children = (
				92B153991DBB04C100EF3F38 /* LaunchScreen.storyboard */,
				926874261DBC861F0070C4F5 /* ClientCell.swift */,
				92B8C25F1DBCAD05007108A6 /* Main.storyboard */,
			);
			name = View;
			sourceTree = "<group>";
		};
		9268741B1DBC55BF0070C4F5 /* Controller */ = {
			isa = PBXGroup;
			children = (
				92B8C25D1DBCA386007108A6 /* ClientDetailVC.swift */,
				92B153921DBB04C100EF3F38 /* ViewController.swift */,
				926874221DBC6FD50070C4F5 /* SearchViewController.swift */,
				92CC48EA1DBBD40900CF6839 /* MapViewController.swift */,
				92CC48F11DBBFBE800CF6839 /* UserMapViewController.swift */,
			);
			name = Controller;
			sourceTree = "<group>";
		};
		9268741C1DBC56130070C4F5 /* Resources */ = {
			isa = PBXGroup;
			children = (
				926874201DBC5CA10070C4F5 /* Client.csv */,
			);
			name = Resources;
			sourceTree = "<group>";
		};
		92B153841DBB04C000EF3F38 = {
			isa = PBXGroup;
			children = (
				92B1538F1DBB04C100EF3F38 /* iHomelessSolution */,
				92B1538E1DBB04C100EF3F38 /* Products */,
				92CC48EC1DBBEFCC00CF6839 /* Frameworks */,
			);
			sourceTree = "<group>";
		};
		92B1538E1DBB04C100EF3F38 /* Products */ = {
			isa = PBXGroup;
			children = (
				92B1538D1DBB04C100EF3F38 /* iHomelessSolution.app */,
			);
			name = Products;
			sourceTree = "<group>";
		};
		92B1538F1DBB04C100EF3F38 /* iHomelessSolution */ = {
			isa = PBXGroup;
			children = (
				923F21921DBCF7C50012C10A /* Model */,
				9268741A1DBC55BA0070C4F5 /* View */,
				9268741B1DBC55BF0070C4F5 /* Controller */,
				926874181DBC55630070C4F5 /* Util */,
				92CE0ED31DBB485B00F025CC /* Assets */,
				9268741C1DBC56130070C4F5 /* Resources */,
			);
			path = iHomelessSolution;
			sourceTree = "<group>";
		};
		92CC48EC1DBBEFCC00CF6839 /* Frameworks */ = {
			isa = PBXGroup;
			children = (
				92CC48ED1DBBEFCC00CF6839 /* CoreLocation.framework */,
			);
			name = Frameworks;
			sourceTree = "<group>";
		};
		92CE0ED31DBB485B00F025CC /* Assets */ = {
			isa = PBXGroup;
			children = (
				926874241DBC74BE0070C4F5 /* folder76x76.png */,
				92CE0ECF1DBB464E00F025CC /* background_1.jpg */,
				92B153971DBB04C100EF3F38 /* Assets.xcassets */,
				92FB7ACB1DBBD0D100671ADA /* Call76x76.png */,
				92FB7AC51DBBD02800671ADA /* Search76x76.png */,
				926874121DBC202D0070C4F5 /* Location76x76.png */,
				92CC48E81DBBD38700CF6839 /* Calendar.png */,
				92CC48E61DBBD2BA00CF6839 /* User76x76.png */,
				92FB7AC91DBBD08B00671ADA /* Maps76x76.png */,
				92CE0ED11DBB484600F025CC /* Tabs 12.png */,
			);
			name = Assets;
			sourceTree = "<group>";
		};
/* End PBXGroup section */

/* Begin PBXNativeTarget section */
		92B1538C1DBB04C000EF3F38 /* iHomelessSolution */ = {
			isa = PBXNativeTarget;
			buildConfigurationList = 92B1539F1DBB04C100EF3F38 /* Build configuration list for PBXNativeTarget "iHomelessSolution" */;
			buildPhases = (
				92B153891DBB04C000EF3F38 /* Sources */,
				92B1538A1DBB04C000EF3F38 /* Frameworks */,
				92B1538B1DBB04C000EF3F38 /* Resources */,
			);
			buildRules = (
			);
			dependencies = (
			);
			name = iHomelessSolution;
			productName = iHomelessSolution;
			productReference = 92B1538D1DBB04C100EF3F38 /* iHomelessSolution.app */;
			productType = "com.apple.product-type.application";
		};
/* End PBXNativeTarget section */

/* Begin PBXProject section */
		92B153851DBB04C000EF3F38 /* Project object */ = {
			isa = PBXProject;
			attributes = {
				LastSwiftUpdateCheck = 0800;
				LastUpgradeCheck = 0800;
				ORGANIZATIONNAME = AuerCorporation;
				TargetAttributes = {
					92B1538C1DBB04C000EF3F38 = {
						CreatedOnToolsVersion = 8.0;
						DevelopmentTeam = 33R9T42P5L;
						ProvisioningStyle = Automatic;
					};
				};
			};
			buildConfigurationList = 92B153881DBB04C000EF3F38 /* Build configuration list for PBXProject "iHomelessSolution" */;
			compatibilityVersion = "Xcode 3.2";
			developmentRegion = English;
			hasScannedForEncodings = 0;
			knownRegions = (
				en,
				Base,
			);
			mainGroup = 92B153841DBB04C000EF3F38;
			productRefGroup = 92B1538E1DBB04C100EF3F38 /* Products */;
			projectDirPath = "";
			projectRoot = "";
			targets = (
				92B1538C1DBB04C000EF3F38 /* iHomelessSolution */,
			);
		};
/* End PBXProject section */

/* Begin PBXResourcesBuildPhase section */
		92B1538B1DBB04C000EF3F38 /* Resources */ = {
			isa = PBXResourcesBuildPhase;
			buildActionMask = 2147483647;
			files = (
				92FB7ACC1DBBD0D100671ADA /* Call76x76.png in Resources */,
				92B1539B1DBB04C100EF3F38 /* LaunchScreen.storyboard in Resources */,
				92CE0ED21DBB484600F025CC /* Tabs 12.png in Resources */,
				92FB7AC61DBBD02800671ADA /* Search76x76.png in Resources */,
				926874251DBC74BE0070C4F5 /* folder76x76.png in Resources */,
				926874131DBC202D0070C4F5 /* Location76x76.png in Resources */,
				92FB7ACA1DBBD08B00671ADA /* Maps76x76.png in Resources */,
				92B8C2601DBCAD05007108A6 /* Main.storyboard in Resources */,
				92B153981DBB04C100EF3F38 /* Assets.xcassets in Resources */,
				92CE0ED01DBB464E00F025CC /* background_1.jpg in Resources */,
				926874211DBC5CA10070C4F5 /* Client.csv in Resources */,
				92CC48E91DBBD38700CF6839 /* Calendar.png in Resources */,
				92CC48E71DBBD2BA00CF6839 /* User76x76.png in Resources */,
			);
			runOnlyForDeploymentPostprocessing = 0;
		};
/* End PBXResourcesBuildPhase section */

/* Begin PBXSourcesBuildPhase section */
		92B153891DBB04C000EF3F38 /* Sources */ = {
			isa = PBXSourcesBuildPhase;
			buildActionMask = 2147483647;
			files = (
				926874171DBC52C80070C4F5 /* csv.swift in Sources */,
				9268741F1DBC588E0070C4F5 /* Client.swift in Sources */,
				926874271DBC861F0070C4F5 /* ClientCell.swift in Sources */,
				926874231DBC6FD50070C4F5 /* SearchViewController.swift in Sources */,
				92B8C25E1DBCA386007108A6 /* ClientDetailVC.swift in Sources */,
				92CC48F21DBBFBE800CF6839 /* UserMapViewController.swift in Sources */,
				92B153931DBB04C100EF3F38 /* ViewController.swift in Sources */,
				923C1F131DBB708D005935B5 /* userdata.xcdatamodeld in Sources */,
				92B153911DBB04C100EF3F38 /* AppDelegate.swift in Sources */,
				92CC48EB1DBBD40900CF6839 /* MapViewController.swift in Sources */,
			);
			runOnlyForDeploymentPostprocessing = 0;
		};
/* End PBXSourcesBuildPhase section */

/* Begin PBXVariantGroup section */
		92B153991DBB04C100EF3F38 /* LaunchScreen.storyboard */ = {
			isa = PBXVariantGroup;
			children = (
				92B1539A1DBB04C100EF3F38 /* Base */,
			);
			name = LaunchScreen.storyboard;
			sourceTree = "<group>";
		};
/* End PBXVariantGroup section */

/* Begin XCBuildConfiguration section */
		92B1539D1DBB04C100EF3F38 /* Debug */ = {
			isa = XCBuildConfiguration;
			buildSettings = {
				ALWAYS_SEARCH_USER_PATHS = NO;
				CLANG_ANALYZER_NONNULL = YES;
				CLANG_CXX_LANGUAGE_STANDARD = "gnu++0x";
				CLANG_CXX_LIBRARY = "libc++";
				CLANG_ENABLE_MODULES = YES;
				CLANG_ENABLE_OBJC_ARC = YES;
				CLANG_WARN_BOOL_CONVERSION = YES;
				CLANG_WARN_CONSTANT_CONVERSION = YES;
				CLANG_WARN_DIRECT_OBJC_ISA_USAGE = YES_ERROR;
				CLANG_WARN_DOCUMENTATION_COMMENTS = YES;
				CLANG_WARN_EMPTY_BODY = YES;
				CLANG_WARN_ENUM_CONVERSION = YES;
				CLANG_WARN_INFINITE_RECURSION = YES;
				CLANG_WARN_INT_CONVERSION = YES;
				CLANG_WARN_OBJC_ROOT_CLASS = YES_ERROR;
				CLANG_WARN_SUSPICIOUS_MOVES = YES;
				CLANG_WARN_UNREACHABLE_CODE = YES;
				CLANG_WARN__DUPLICATE_METHOD_MATCH = YES;
				"CODE_SIGN_IDENTITY[sdk=iphoneos*]" = "iPhone Developer";
				COPY_PHASE_STRIP = NO;
				DEBUG_INFORMATION_FORMAT = dwarf;
				ENABLE_STRICT_OBJC_MSGSEND = YES;
				ENABLE_TESTABILITY = YES;
				GCC_C_LANGUAGE_STANDARD = gnu99;
				GCC_DYNAMIC_NO_PIC = NO;
				GCC_NO_COMMON_BLOCKS = YES;
				GCC_OPTIMIZATION_LEVEL = 0;
				GCC_PREPROCESSOR_DEFINITIONS = (
					"DEBUG=1",
					"$(inherited)",
				);
				GCC_WARN_64_TO_32_BIT_CONVERSION = YES;
				GCC_WARN_ABOUT_RETURN_TYPE = YES_ERROR;
				GCC_WARN_UNDECLARED_SELECTOR = YES;
				GCC_WARN_UNINITIALIZED_AUTOS = YES_AGGRESSIVE;
				GCC_WARN_UNUSED_FUNCTION = YES;
				GCC_WARN_UNUSED_VARIABLE = YES;
				IPHONEOS_DEPLOYMENT_TARGET = 10.0;
				MTL_ENABLE_DEBUG_INFO = YES;
				ONLY_ACTIVE_ARCH = YES;
				SDKROOT = iphoneos;
				SWIFT_ACTIVE_COMPILATION_CONDITIONS = DEBUG;
				SWIFT_OPTIMIZATION_LEVEL = "-Onone";
				TARGETED_DEVICE_FAMILY = "1,2";
			};
			name = Debug;
		};
		92B1539E1DBB04C100EF3F38 /* Release */ = {
			isa = XCBuildConfiguration;
			buildSettings = {
				ALWAYS_SEARCH_USER_PATHS = NO;
				CLANG_ANALYZER_NONNULL = YES;
				CLANG_CXX_LANGUAGE_STANDARD = "gnu++0x";
				CLANG_CXX_LIBRARY = "libc++";
				CLANG_ENABLE_MODULES = YES;
				CLANG_ENABLE_OBJC_ARC = YES;
				CLANG_WARN_BOOL_CONVERSION = YES;
				CLANG_WARN_CONSTANT_CONVERSION = YES;
				CLANG_WARN_DIRECT_OBJC_ISA_USAGE = YES_ERROR;
				CLANG_WARN_DOCUMENTATION_COMMENTS = YES;
				CLANG_WARN_EMPTY_BODY = YES;
				CLANG_WARN_ENUM_CONVERSION = YES;
				CLANG_WARN_INFINITE_RECURSION = YES;
				CLANG_WARN_INT_CONVERSION = YES;
				CLANG_WARN_OBJC_ROOT_CLASS = YES_ERROR;
				CLANG_WARN_SUSPICIOUS_MOVES = YES;
				CLANG_WARN_UNREACHABLE_CODE = YES;
				CLANG_WARN__DUPLICATE_METHOD_MATCH = YES;
				"CODE_SIGN_IDENTITY[sdk=iphoneos*]" = "iPhone Developer";
				COPY_PHASE_STRIP = NO;
				DEBUG_INFORMATION_FORMAT = "dwarf-with-dsym";
				ENABLE_NS_ASSERTIONS = NO;
				ENABLE_STRICT_OBJC_MSGSEND = YES;
				GCC_C_LANGUAGE_STANDARD = gnu99;
				GCC_NO_COMMON_BLOCKS = YES;
				GCC_WARN_64_TO_32_BIT_CONVERSION = YES;
				GCC_WARN_ABOUT_RETURN_TYPE = YES_ERROR;
				GCC_WARN_UNDECLARED_SELECTOR = YES;
				GCC_WARN_UNINITIALIZED_AUTOS = YES_AGGRESSIVE;
				GCC_WARN_UNUSED_FUNCTION = YES;
				GCC_WARN_UNUSED_VARIABLE = YES;
				IPHONEOS_DEPLOYMENT_TARGET = 10.0;
				MTL_ENABLE_DEBUG_INFO = NO;
				SDKROOT = iphoneos;
				SWIFT_OPTIMIZATION_LEVEL = "-Owholemodule";
				TARGETED_DEVICE_FAMILY = "1,2";
				VALIDATE_PRODUCT = YES;
			};
			name = Release;
		};
		92B153A01DBB04C100EF3F38 /* Debug */ = {
			isa = XCBuildConfiguration;
			buildSettings = {
				ASSETCATALOG_COMPILER_APPICON_NAME = AppIcon;
				DEVELOPMENT_TEAM = 33R9T42P5L;
				INFOPLIST_FILE = iHomelessSolution/Info.plist;
				LD_RUNPATH_SEARCH_PATHS = "$(inherited) @executable_path/Frameworks";
				PRODUCT_BUNDLE_IDENTIFIER = com.auercorp.iHomelessSolution;
				PRODUCT_NAME = "$(TARGET_NAME)";
				SWIFT_VERSION = 3.0;
			};
			name = Debug;
		};
		92B153A11DBB04C100EF3F38 /* Release */ = {
			isa = XCBuildConfiguration;
			buildSettings = {
				ASSETCATALOG_COMPILER_APPICON_NAME = AppIcon;
				DEVELOPMENT_TEAM = 33R9T42P5L;
				INFOPLIST_FILE = iHomelessSolution/Info.plist;
				LD_RUNPATH_SEARCH_PATHS = "$(inherited) @executable_path/Frameworks";
				PRODUCT_BUNDLE_IDENTIFIER = com.auercorp.iHomelessSolution;
				PRODUCT_NAME = "$(TARGET_NAME)";
				SWIFT_VERSION = 3.0;
			};
			name = Release;
		};
/* End XCBuildConfiguration section */

/* Begin XCConfigurationList section */
		92B153881DBB04C000EF3F38 /* Build configuration list for PBXProject "iHomelessSolution" */ = {
			isa = XCConfigurationList;
			buildConfigurations = (
				92B1539D1DBB04C100EF3F38 /* Debug */,
				92B1539E1DBB04C100EF3F38 /* Release */,
			);
			defaultConfigurationIsVisible = 0;
			defaultConfigurationName = Release;
		};
		92B1539F1DBB04C100EF3F38 /* Build configuration list for PBXNativeTarget "iHomelessSolution" */ = {
			isa = XCConfigurationList;
			buildConfigurations = (
				92B153A01DBB04C100EF3F38 /* Debug */,
				92B153A11DBB04C100EF3F38 /* Release */,
			);
			defaultConfigurationIsVisible = 0;
			defaultConfigurationName = Release;
		};
/* End XCConfigurationList section */

/* Begin XCVersionGroup section */
		923C1F111DBB708D005935B5 /* userdata.xcdatamodeld */ = {
			isa = XCVersionGroup;
			children = (
				923C1F121DBB708D005935B5 /* userdata.xcdatamodel */,
			);
			currentVersion = 923C1F121DBB708D005935B5 /* userdata.xcdatamodel */;
			path = userdata.xcdatamodeld;
			sourceTree = "<group>";
			versionGroupType = wrapper.xcdatamodel;
		};
/* End XCVersionGroup section */
	};
	rootObject = 92B153851DBB04C000EF3F38 /* Project object */;
}
